
Microsoft Visual Studio Solution File, Format Version 12.00
# Visual Studio Version 17
VisualStudioVersion = 17.2.32616.157
MinimumVisualStudioVersion = 10.0.40219.1
Project("{9A19103F-16F7-4668-BE54-9A1E7A4F7556}") = "XueKaoInformationBoard", "XueKaoInformationBoard.csproj", "{18AA70DB-7495-48CA-BDE4-82C92B6CAC1B}"
EndProject
Global
	GlobalSection(SolutionConfigurationPlatforms) = preSolution
		Debug|x64 = Debug|x64
		Release|x64 = Release|x64
	EndGlobalSection
	GlobalSection(ProjectConfigurationPlatforms) = postSolution
		{18AA70DB-7495-48CA-BDE4-82C92B6CAC1B}.Debug|x64.ActiveCfg = Debug|x64
		{18AA70DB-7495-48CA-BDE4-82C92B6CAC1B}.Debug|x64.Build.0 = Debug|x64
		{18AA70DB-7495-48CA-BDE4-82C92B6CAC1B}.Release|x64.ActiveCfg = Release|x64
		{18AA70DB-7495-48CA-BDE4-82C92B6CAC1B}.Release|x64.Build.0 = Release|x64
	EndGlobalSection
	GlobalSection(SolutionProperties) = preSolution
		HideSolutionNode = FALSE
	EndGlobalSection
	GlobalSection(ExtensibilityGlobals) = postSolution
		SolutionGuid = {496CC051-FFB0-4C07-8935-E6E78A4E49E3}
	EndGlobalSection
EndGlobal
